
Microsoft Visual Studio Solution File, Format Version 12.00
# Visual Studio Version 16
VisualStudioVersion = 16.0.30225.117
MinimumVisualStudioVersion = 10.0.40219.1
Project("{FAE04EC0-301F-11D3-BF4B-00C04F79EFBC}") = "ChristmasCodeGolf.App", "ChristmasCodeGolf.App\ChristmasCodeGolf.App.csproj", "{AFA2128F-8320-484C-BCEE-AA86A5F0BAAF}"
EndProject
Global
	GlobalSection(SolutionConfigurationPlatforms) = preSolution
		Debug|Any CPU = Debug|Any CPU
		Release|Any CPU = Release|Any CPU
	EndGlobalSection
	GlobalSection(ProjectConfigurationPlatforms) = postSolution
		{AFA2128F-8320-484C-BCEE-AA86A5F0BAAF}.Debug|Any CPU.ActiveCfg = Debug|Any CPU
		{AFA2128F-8320-484C-BCEE-AA86A5F0BAAF}.Debug|Any CPU.Build.0 = Debug|Any CPU
		{AFA2128F-8320-484C-BCEE-AA86A5F0BAAF}.Release|Any CPU.ActiveCfg = Release|Any CPU
		{AFA2128F-8320-484C-BCEE-AA86A5F0BAAF}.Release|Any CPU.Build.0 = Release|Any CPU
	EndGlobalSection
	GlobalSection(SolutionProperties) = preSolution
		HideSolutionNode = FALSE
	EndGlobalSection
	GlobalSection(ExtensibilityGlobals) = postSolution
		SolutionGuid = {25A149E9-8DD5-4A66-AAFA-73D5CC5664EE}
	EndGlobalSection
EndGlobal
